
Microsoft Visual Studio Solution File, Format Version 12.00
# Visual Studio Version 17
VisualStudioVersion = 17.5.33530.505
MinimumVisualStudioVersion = 10.0.40219.1
Project("{FAE04EC0-301F-11D3-BF4B-00C04F79EFBC}") = "GPT Assistant", "GPT Assistant\GPT Assistant.csproj", "{0603E0D6-94D6-455A-A958-811D85388936}"
EndProject
Global
	GlobalSection(SolutionConfigurationPlatforms) = preSolution
		Debug|Any CPU = Debug|Any CPU
		Release|Any CPU = Release|Any CPU
	EndGlobalSection
	GlobalSection(ProjectConfigurationPlatforms) = postSolution
		{0603E0D6-94D6-455A-A958-811D85388936}.Debug|Any CPU.ActiveCfg = Debug|Any CPU
		{0603E0D6-94D6-455A-A958-811D85388936}.Debug|Any CPU.Build.0 = Debug|Any CPU
		{0603E0D6-94D6-455A-A958-811D85388936}.Release|Any CPU.ActiveCfg = Release|Any CPU
		{0603E0D6-94D6-455A-A958-811D85388936}.Release|Any CPU.Build.0 = Release|Any CPU
	EndGlobalSection
	GlobalSection(SolutionProperties) = preSolution
		HideSolutionNode = FALSE
	EndGlobalSection
	GlobalSection(ExtensibilityGlobals) = postSolution
		SolutionGuid = {D1EBFFEB-480A-46C6-8B63-A302223E6FD7}
	EndGlobalSection
EndGlobal
